
Microsoft Visual Studio Solution File, Format Version 12.00
# Visual Studio Version 16
VisualStudioVersion = 16.0.30114.105
MinimumVisualStudioVersion = 10.0.40219.1
Project("{FAE04EC0-301F-11D3-BF4B-00C04F79EFBC}") = "Gravatar", "Gravatar\Gravatar.csproj", "{DCABFEF0-2225-44FD-B25E-23D5201F81F0}"
EndProject
Project("{FAE04EC0-301F-11D3-BF4B-00C04F79EFBC}") = "Gravatar.Tests", "Gravatar.Tests\Gravatar.Tests.csproj", "{AA2FDD67-BD11-4925-AC42-94BAA8F0DB23}"
EndProject
Global
	GlobalSection(SolutionConfigurationPlatforms) = preSolution
		Debug|Any CPU = Debug|Any CPU
		Release|Any CPU = Release|Any CPU
	EndGlobalSection
	GlobalSection(SolutionProperties) = preSolution
		HideSolutionNode = FALSE
	EndGlobalSection
	GlobalSection(ProjectConfigurationPlatforms) = postSolution
		{DCABFEF0-2225-44FD-B25E-23D5201F81F0}.Debug|Any CPU.ActiveCfg = Debug|Any CPU
		{DCABFEF0-2225-44FD-B25E-23D5201F81F0}.Debug|Any CPU.Build.0 = Debug|Any CPU
		{DCABFEF0-2225-44FD-B25E-23D5201F81F0}.Release|Any CPU.ActiveCfg = Release|Any CPU
		{DCABFEF0-2225-44FD-B25E-23D5201F81F0}.Release|Any CPU.Build.0 = Release|Any CPU
		{AA2FDD67-BD11-4925-AC42-94BAA8F0DB23}.Debug|Any CPU.ActiveCfg = Debug|Any CPU
		{AA2FDD67-BD11-4925-AC42-94BAA8F0DB23}.Debug|Any CPU.Build.0 = Debug|Any CPU
		{AA2FDD67-BD11-4925-AC42-94BAA8F0DB23}.Release|Any CPU.ActiveCfg = Release|Any CPU
		{AA2FDD67-BD11-4925-AC42-94BAA8F0DB23}.Release|Any CPU.Build.0 = Release|Any CPU
	EndGlobalSection
EndGlobal
